{
  "version": "4",
  "specifiers": {
    "jsr:@std/dotenv@*": "0.225.2",
    "npm:@azure/cosmos@*": "4.1.1"
  },
  "jsr": {
    "@std/dotenv@0.225.2": {
      "integrity": "e2025dce4de6c7bca21dece8baddd4262b09d5187217e231b033e088e0c4dd23"
    }
  },
  "npm": {
    "@azure/abort-controller@2.1.2": {
      "integrity": "sha512-nBrLsEWm4J2u5LpAPjxADTlq3trDgVZZXHNKabeXZtpq3d3AbN/KGO82R87rdDz5/lYB024rtEf10/q0urNgsA==",
      "dependencies": [
        "tslib"
      ]
    },
    "@azure/core-auth@1.9.0": {
      "integrity": "sha512-FPwHpZywuyasDSLMqJ6fhbOK3TqUdviZNF8OqRGA4W5Ewib2lEEZ+pBsYcBa88B2NGO/SEnYPGhyBqNlE8ilSw==",
      "dependencies": [
        "@azure/abort-controller",
        "@azure/core-util",
        "tslib"
      ]
    },
    "@azure/core-rest-pipeline@1.17.0": {
      "integrity": "sha512-62Vv8nC+uPId3j86XJ0WI+sBf0jlqTqPUFCBNrGtlaUeQUIXWV/D8GE5A1d+Qx8H7OQojn2WguC8kChD6v0shA==",
      "dependencies": [
        "@azure/abort-controller",
        "@azure/core-auth",
        "@azure/core-tracing",
        "@azure/core-util",
        "@azure/logger",
        "http-proxy-agent",
        "https-proxy-agent",
        "tslib"
      ]
    },
    "@azure/core-tracing@1.2.0": {
      "integrity": "sha512-UKTiEJPkWcESPYJz3X5uKRYyOcJD+4nYph+KpfdPRnQJVrZfk0KJgdnaAWKfhsBBtAf/D58Az4AvCJEmWgIBAg==",
      "dependencies": [
        "tslib"
      ]
    },
    "@azure/core-util@1.11.0": {
      "integrity": "sha512-DxOSLua+NdpWoSqULhjDyAZTXFdP/LKkqtYuxxz1SCN289zk3OG8UOpnCQAz/tygyACBtWp/BoO72ptK7msY8g==",
      "dependencies": [
        "@azure/abort-controller",
        "tslib"
      ]
    },
    "@azure/cosmos@4.1.1": {
      "integrity": "sha512-EKcRHZy3enhz7hU/qlwW2urcoF7haFkQRbLhR+rUaAtzDaN6+F/rH4xJtNc94NjOEoeHUI+bkze63ZA55Gca0A==",
      "dependencies": [
        "@azure/abort-controller",
        "@azure/core-auth",
        "@azure/core-rest-pipeline",
        "@azure/core-tracing",
        "@azure/core-util",
        "fast-json-stable-stringify",
        "jsbi",
        "priorityqueuejs",
        "semaphore",
        "tslib"
      ]
    },
    "@azure/logger@1.1.4": {
      "integrity": "sha512-4IXXzcCdLdlXuCG+8UKEwLA1T1NHqUfanhXYHiQTn+6sfWCZXduqbtXDGceg3Ce5QxTGo7EqmbV6Bi+aqKuClQ==",
      "dependencies": [
        "tslib"
      ]
    },
    "agent-base@7.1.1": {
      "integrity": "sha512-H0TSyFNDMomMNJQBn8wFV5YC/2eJ+VXECwOadZJT554xP6cODZHPX3H9QMQECxvrgiSOP1pHjy1sMWQVYJOUOA==",
      "dependencies": [
        "debug"
      ]
    },
    "debug@4.3.7": {
      "integrity": "sha512-Er2nc/H7RrMXZBFCEim6TCmMk02Z8vLC2Rbi1KEBggpo0fS6l0S1nnapwmIi3yW/+GOJap1Krg4w0Hg80oCqgQ==",
      "dependencies": [
        "ms"
      ]
    },
    "fast-json-stable-stringify@2.1.0": {
      "integrity": "sha512-lhd/wF+Lk98HZoTCtlVraHtfh5XYijIjalXck7saUtuanSDyLMxnHhSXEDJqHxD7msR8D0uCmqlkwjCV8xvwHw=="
    },
    "http-proxy-agent@7.0.2": {
      "integrity": "sha512-T1gkAiYYDWYx3V5Bmyu7HcfcvL7mUrTWiM6yOfa3PIphViJ/gFPbvidQ+veqSOHci/PxBcDabeUNCzpOODJZig==",
      "dependencies": [
        "agent-base",
        "debug"
      ]
    },
    "https-proxy-agent@7.0.5": {
      "integrity": "sha512-1e4Wqeblerz+tMKPIq2EMGiiWW1dIjZOksyHWSUm1rmuvw/how9hBHZ38lAGj5ID4Ik6EdkOw7NmWPy6LAwalw==",
      "dependencies": [
        "agent-base",
        "debug"
      ]
    },
    "jsbi@4.3.0": {
      "integrity": "sha512-SnZNcinB4RIcnEyZqFPdGPVgrg2AcnykiBy0sHVJQKHYeaLUvi3Exj+iaPpLnFVkDPZIV4U0yvgC9/R4uEAZ9g=="
    },
    "ms@2.1.3": {
      "integrity": "sha512-6FlzubTLZG3J2a/NVCAleEhjzq5oxgHyaCU9yYXvcLsvoVaHJq/s5xXI6/XXP6tz7R9xAOtHnSO/tXtF3WRTlA=="
    },
    "priorityqueuejs@2.0.0": {
      "integrity": "sha512-19BMarhgpq3x4ccvVi8k2QpJZcymo/iFUcrhPd4V96kYGovOdTsWwy7fxChYi4QY+m2EnGBWSX9Buakz+tWNQQ=="
    },
    "semaphore@1.1.0": {
      "integrity": "sha512-O4OZEaNtkMd/K0i6js9SL+gqy0ZCBMgUvlSqHKi4IBdjhe7wB8pwztUk1BbZ1fmrvpwFrPbHzqd2w5pTcJH6LA=="
    },
    "tslib@2.8.1": {
      "integrity": "sha512-oJFu94HQb+KVduSUQL7wnpmqnfmLsOA/nAh6b6EH0wCEoK0/mPeXU6c3wKDV83MkOuHPRHtSXKKU99IBazS/2w=="
    }
  }
}
